
Microsoft Visual Studio Solution File, Format Version 12.00
# Visual Studio 15
VisualStudioVersion = 15.0.26430.13
MinimumVisualStudioVersion = 10.0.40219.1
Project("{D954291E-2A0B-460D-934E-DC6B0785DB48}") = "CayenneFeeder", "CayenneFeeder\CayenneFeeder\CayenneFeeder.shproj", "{E6EA0DC3-A97D-4F75-ACCA-CB352FA4421C}"
EndProject
Project("{FAE04EC0-301F-11D3-BF4B-00C04F79EFBC}") = "CayenneFeeder.Android", "CayenneFeeder\CayenneFeeder.Android\CayenneFeeder.Android.csproj", "{FE537D03-B823-4D03-AA98-2BEFEA5283C7}"
EndProject
Project("{FAE04EC0-301F-11D3-BF4B-00C04F79EFBC}") = "CayenneFeeder.iOS", "CayenneFeeder\CayenneFeeder.iOS\CayenneFeeder.iOS.csproj", "{D033D3E7-CDCC-4376-B5B5-39B90D457AEE}"
EndProject
Project("{FAE04EC0-301F-11D3-BF4B-00C04F79EFBC}") = "CayenneFeeder.UWP", "CayenneFeeder\CayenneFeeder.UWP\CayenneFeeder.UWP.csproj", "{364C7786-348C-4DDE-BD63-718971433CB5}"
EndProject
Global
	GlobalSection(SharedMSBuildProjectFiles) = preSolution
		CayenneFeeder\CayenneFeeder\CayenneFeeder.projitems*{d033d3e7-cdcc-4376-b5b5-39b90d457aee}*SharedItemsImports = 4
		CayenneFeeder\CayenneFeeder\CayenneFeeder.projitems*{e6ea0dc3-a97d-4f75-acca-cb352fa4421c}*SharedItemsImports = 13
		CayenneFeeder\CayenneFeeder\CayenneFeeder.projitems*{fe537d03-b823-4d03-aa98-2befea5283c7}*SharedItemsImports = 4
	EndGlobalSection
	GlobalSection(SolutionConfigurationPlatforms) = preSolution
		Ad-Hoc|Any CPU = Ad-Hoc|Any CPU
		Ad-Hoc|ARM = Ad-Hoc|ARM
		Ad-Hoc|iPhone = Ad-Hoc|iPhone
		Ad-Hoc|iPhoneSimulator = Ad-Hoc|iPhoneSimulator
		Ad-Hoc|x64 = Ad-Hoc|x64
		Ad-Hoc|x86 = Ad-Hoc|x86
		AppStore|Any CPU = AppStore|Any CPU
		AppStore|ARM = AppStore|ARM
		AppStore|iPhone = AppStore|iPhone
		AppStore|iPhoneSimulator = AppStore|iPhoneSimulator
		AppStore|x64 = AppStore|x64
		AppStore|x86 = AppStore|x86
		Debug|Any CPU = Debug|Any CPU
		Debug|ARM = Debug|ARM
		Debug|iPhone = Debug|iPhone
		Debug|iPhoneSimulator = Debug|iPhoneSimulator
		Debug|x64 = Debug|x64
		Debug|x86 = Debug|x86
		Release|Any CPU = Release|Any CPU
		Release|ARM = Release|ARM
		Release|iPhone = Release|iPhone
		Release|iPhoneSimulator = Release|iPhoneSimulator
		Release|x64 = Release|x64
		Release|x86 = Release|x86
	EndGlobalSection
	GlobalSection(ProjectConfigurationPlatforms) = postSolution
		{FE537D03-B823-4D03-AA98-2BEFEA5283C7}.Ad-Hoc|Any CPU.ActiveCfg = Release|Any CPU
		{FE537D03-B823-4D03-AA98-2BEFEA5283C7}.Ad-Hoc|Any CPU.Build.0 = Release|Any CPU
		{FE537D03-B823-4D03-AA98-2BEFEA5283C7}.Ad-Hoc|Any CPU.Deploy.0 = Release|Any CPU
		{FE537D03-B823-4D03-AA98-2BEFEA5283C7}.Ad-Hoc|ARM.ActiveCfg = Release|Any CPU
		{FE537D03-B823-4D03-AA98-2BEFEA5283C7}.Ad-Hoc|ARM.Build.0 = Release|Any CPU
		{FE537D03-B823-4D03-AA98-2BEFEA5283C7}.Ad-Hoc|ARM.Deploy.0 = Release|Any CPU
		{FE537D03-B823-4D03-AA98-2BEFEA5283C7}.Ad-Hoc|iPhone.ActiveCfg = Release|Any CPU
		{FE537D03-B823-4D03-AA98-2BEFEA5283C7}.Ad-Hoc|iPhone.Build.0 = Release|Any CPU
		{FE537D03-B823-4D03-AA98-2BEFEA5283C7}.Ad-Hoc|iPhone.Deploy.0 = Release|Any CPU
		{FE537D03-B823-4D03-AA98-2BEFEA5283C7}.Ad-Hoc|iPhoneSimulator.ActiveCfg = Release|Any CPU
		{FE537D03-B823-4D03-AA98-2BEFEA5283C7}.Ad-Hoc|iPhoneSimulator.Build.0 = Release|Any CPU
		{FE537D03-B823-4D03-AA98-2BEFEA5283C7}.Ad-Hoc|iPhoneSimulator.Deploy.0 = Release|Any CPU
		{FE537D03-B823-4D03-AA98-2BEFEA5283C7}.Ad-Hoc|x64.ActiveCfg = Release|Any CPU
		{FE537D03-B823-4D03-AA98-2BEFEA5283C7}.Ad-Hoc|x64.Build.0 = Release|Any CPU
		{FE537D03-B823-4D03-AA98-2BEFEA5283C7}.Ad-Hoc|x64.Deploy.0 = Release|Any CPU
		{FE537D03-B823-4D03-AA98-2BEFEA5283C7}.Ad-Hoc|x86.ActiveCfg = Release|Any CPU
		{FE537D03-B823-4D03-AA98-2BEFEA5283C7}.Ad-Hoc|x86.Build.0 = Release|Any CPU
		{FE537D03-B823-4D03-AA98-2BEFEA5283C7}.Ad-Hoc|x86.Deploy.0 = Release|Any CPU
		{FE537D03-B823-4D03-AA98-2BEFEA5283C7}.AppStore|Any CPU.ActiveCfg = Release|Any CPU
		{FE537D03-B823-4D03-AA98-2BEFEA5283C7}.AppStore|Any CPU.Build.0 = Release|Any CPU
		{FE537D03-B823-4D03-AA98-2BEFEA5283C7}.AppStore|Any CPU.Deploy.0 = Release|Any CPU
		{FE537D03-B823-4D03-AA98-2BEFEA5283C7}.AppStore|ARM.ActiveCfg = Release|Any CPU
		{FE537D03-B823-4D03-AA98-2BEFEA5283C7}.AppStore|ARM.Build.0 = Release|Any CPU
		{FE537D03-B823-4D03-AA98-2BEFEA5283C7}.AppStore|ARM.Deploy.0 = Release|Any CPU
		{FE537D03-B823-4D03-AA98-2BEFEA5283C7}.AppStore|iPhone.ActiveCfg = Release|Any CPU
		{FE537D03-B823-4D03-AA98-2BEFEA5283C7}.AppStore|iPhone.Build.0 = Release|Any CPU
		{FE537D03-B823-4D03-AA98-2BEFEA5283C7}.AppStore|iPhone.Deploy.0 = Release|Any CPU
		{FE537D03-B823-4D03-AA98-2BEFEA5283C7}.AppStore|iPhoneSimulator.ActiveCfg = Release|Any CPU
		{FE537D03-B823-4D03-AA98-2BEFEA5283C7}.AppStore|iPhoneSimulator.Build.0 = Release|Any CPU
		{FE537D03-B823-4D03-AA98-2BEFEA5283C7}.AppStore|iPhoneSimulator.Deploy.0 = Release|Any CPU
		{FE537D03-B823-4D03-AA98-2BEFEA5283C7}.AppStore|x64.ActiveCfg = Release|Any CPU
		{FE537D03-B823-4D03-AA98-2BEFEA5283C7}.AppStore|x64.Build.0 = Release|Any CPU
		{FE537D03-B823-4D03-AA98-2BEFEA5283C7}.AppStore|x64.Deploy.0 = Release|Any CPU
		{FE537D03-B823-4D03-AA98-2BEFEA5283C7}.AppStore|x86.ActiveCfg = Release|Any CPU
		{FE537D03-B823-4D03-AA98-2BEFEA5283C7}.AppStore|x86.Build.0 = Release|Any CPU
		{FE537D03-B823-4D03-AA98-2BEFEA5283C7}.AppStore|x86.Deploy.0 = Release|Any CPU
		{FE537D03-B823-4D03-AA98-2BEFEA5283C7}.Debug|Any CPU.ActiveCfg = Debug|Any CPU
		{FE537D03-B823-4D03-AA98-2BEFEA5283C7}.Debug|Any CPU.Build.0 = Debug|Any CPU
		{FE537D03-B823-4D03-AA98-2BEFEA5283C7}.Debug|Any CPU.Deploy.0 = Debug|Any CPU
		{FE537D03-B823-4D03-AA98-2BEFEA5283C7}.Debug|ARM.ActiveCfg = Debug|Any CPU
		{FE537D03-B823-4D03-AA98-2BEFEA5283C7}.Debug|ARM.Build.0 = Debug|Any CPU
		{FE537D03-B823-4D03-AA98-2BEFEA5283C7}.Debug|ARM.Deploy.0 = Debug|Any CPU
		{FE537D03-B823-4D03-AA98-2BEFEA5283C7}.Debug|iPhone.ActiveCfg = Debug|Any CPU
		{FE537D03-B823-4D03-AA98-2BEFEA5283C7}.Debug|iPhone.Build.0 = Debug|Any CPU
		{FE537D03-B823-4D03-AA98-2BEFEA5283C7}.Debug|iPhone.Deploy.0 = Debug|Any CPU
		{FE537D03-B823-4D03-AA98-2BEFEA5283C7}.Debug|iPhoneSimulator.ActiveCfg = Debug|Any CPU
		{FE537D03-B823-4D03-AA98-2BEFEA5283C7}.Debug|iPhoneSimulator.Build.0 = Debug|Any CPU
		{FE537D03-B823-4D03-AA98-2BEFEA5283C7}.Debug|iPhoneSimulator.Deploy.0 = Debug|Any CPU
		{FE537D03-B823-4D03-AA98-2BEFEA5283C7}.Debug|x64.ActiveCfg = Debug|Any CPU
		{FE537D03-B823-4D03-AA98-2BEFEA5283C7}.Debug|x64.Build.0 = Debug|Any CPU
		{FE537D03-B823-4D03-AA98-2BEFEA5283C7}.Debug|x64.Deploy.0 = Debug|Any CPU
		{FE537D03-B823-4D03-AA98-2BEFEA5283C7}.Debug|x86.ActiveCfg = Debug|Any CPU
		{FE537D03-B823-4D03-AA98-2BEFEA5283C7}.Debug|x86.Build.0 = Debug|Any CPU
		{FE537D03-B823-4D03-AA98-2BEFEA5283C7}.Debug|x86.Deploy.0 = Debug|Any CPU
		{FE537D03-B823-4D03-AA98-2BEFEA5283C7}.Release|Any CPU.ActiveCfg = Release|Any CPU
		{FE537D03-B823-4D03-AA98-2BEFEA5283C7}.Release|Any CPU.Build.0 = Release|Any CPU
		{FE537D03-B823-4D03-AA98-2BEFEA5283C7}.Release|Any CPU.Deploy.0 = Release|Any CPU
		{FE537D03-B823-4D03-AA98-2BEFEA5283C7}.Release|ARM.ActiveCfg = Release|Any CPU
		{FE537D03-B823-4D03-AA98-2BEFEA5283C7}.Release|ARM.Build.0 = Release|Any CPU
		{FE537D03-B823-4D03-AA98-2BEFEA5283C7}.Release|ARM.Deploy.0 = Release|Any CPU
		{FE537D03-B823-4D03-AA98-2BEFEA5283C7}.Release|iPhone.ActiveCfg = Release|Any CPU
		{FE537D03-B823-4D03-AA98-2BEFEA5283C7}.Release|iPhone.Build.0 = Release|Any CPU
		{FE537D03-B823-4D03-AA98-2BEFEA5283C7}.Release|iPhone.Deploy.0 = Release|Any CPU
		{FE537D03-B823-4D03-AA98-2BEFEA5283C7}.Release|iPhoneSimulator.ActiveCfg = Release|Any CPU
		{FE537D03-B823-4D03-AA98-2BEFEA5283C7}.Release|iPhoneSimulator.Build.0 = Release|Any CPU
		{FE537D03-B823-4D03-AA98-2BEFEA5283C7}.Release|iPhoneSimulator.Deploy.0 = Release|Any CPU
		{FE537D03-B823-4D03-AA98-2BEFEA5283C7}.Release|x64.ActiveCfg = Release|Any CPU
		{FE537D03-B823-4D03-AA98-2BEFEA5283C7}.Release|x64.Build.0 = Release|Any CPU
		{FE537D03-B823-4D03-AA98-2BEFEA5283C7}.Release|x64.Deploy.0 = Release|Any CPU
		{FE537D03-B823-4D03-AA98-2BEFEA5283C7}.Release|x86.ActiveCfg = Release|Any CPU
		{FE537D03-B823-4D03-AA98-2BEFEA5283C7}.Release|x86.Build.0 = Release|Any CPU
		{FE537D03-B823-4D03-AA98-2BEFEA5283C7}.Release|x86.Deploy.0 = Release|Any CPU
		{D033D3E7-CDCC-4376-B5B5-39B90D457AEE}.Ad-Hoc|Any CPU.ActiveCfg = Ad-Hoc|iPhone
		{D033D3E7-CDCC-4376-B5B5-39B90D457AEE}.Ad-Hoc|ARM.ActiveCfg = Ad-Hoc|iPhone
		{D033D3E7-CDCC-4376-B5B5-39B90D457AEE}.Ad-Hoc|iPhone.ActiveCfg = Ad-Hoc|iPhone
		{D033D3E7-CDCC-4376-B5B5-39B90D457AEE}.Ad-Hoc|iPhone.Build.0 = Ad-Hoc|iPhone
		{D033D3E7-CDCC-4376-B5B5-39B90D457AEE}.Ad-Hoc|iPhoneSimulator.ActiveCfg = Ad-Hoc|iPhoneSimulator
		{D033D3E7-CDCC-4376-B5B5-39B90D457AEE}.Ad-Hoc|iPhoneSimulator.Build.0 = Ad-Hoc|iPhoneSimulator
		{D033D3E7-CDCC-4376-B5B5-39B90D457AEE}.Ad-Hoc|x64.ActiveCfg = Ad-Hoc|iPhone
		{D033D3E7-CDCC-4376-B5B5-39B90D457AEE}.Ad-Hoc|x86.ActiveCfg = Ad-Hoc|iPhone
		{D033D3E7-CDCC-4376-B5B5-39B90D457AEE}.AppStore|Any CPU.ActiveCfg = AppStore|iPhone
		{D033D3E7-CDCC-4376-B5B5-39B90D457AEE}.AppStore|ARM.ActiveCfg = AppStore|iPhone
		{D033D3E7-CDCC-4376-B5B5-39B90D457AEE}.AppStore|iPhone.ActiveCfg = AppStore|iPhone
		{D033D3E7-CDCC-4376-B5B5-39B90D457AEE}.AppStore|iPhone.Build.0 = AppStore|iPhone
		{D033D3E7-CDCC-4376-B5B5-39B90D457AEE}.AppStore|iPhoneSimulator.ActiveCfg = AppStore|iPhoneSimulator
		{D033D3E7-CDCC-4376-B5B5-39B90D457AEE}.AppStore|iPhoneSimulator.Build.0 = AppStore|iPhoneSimulator
		{D033D3E7-CDCC-4376-B5B5-39B90D457AEE}.AppStore|x64.ActiveCfg = AppStore|iPhone
		{D033D3E7-CDCC-4376-B5B5-39B90D457AEE}.AppStore|x86.ActiveCfg = AppStore|iPhone
		{D033D3E7-CDCC-4376-B5B5-39B90D457AEE}.Debug|Any CPU.ActiveCfg = Debug|iPhone
		{D033D3E7-CDCC-4376-B5B5-39B90D457AEE}.Debug|ARM.ActiveCfg = Debug|iPhone
		{D033D3E7-CDCC-4376-B5B5-39B90D457AEE}.Debug|iPhone.ActiveCfg = Debug|iPhone
		{D033D3E7-CDCC-4376-B5B5-39B90D457AEE}.Debug|iPhone.Build.0 = Debug|iPhone
		{D033D3E7-CDCC-4376-B5B5-39B90D457AEE}.Debug|iPhoneSimulator.ActiveCfg = Debug|iPhoneSimulator
		{D033D3E7-CDCC-4376-B5B5-39B90D457AEE}.Debug|iPhoneSimulator.Build.0 = Debug|iPhoneSimulator
		{D033D3E7-CDCC-4376-B5B5-39B90D457AEE}.Debug|x64.ActiveCfg = Debug|iPhone
		{D033D3E7-CDCC-4376-B5B5-39B90D457AEE}.Debug|x86.ActiveCfg = Debug|iPhone
		{D033D3E7-CDCC-4376-B5B5-39B90D457AEE}.Release|Any CPU.ActiveCfg = Release|iPhone
		{D033D3E7-CDCC-4376-B5B5-39B90D457AEE}.Release|ARM.ActiveCfg = Release|iPhone
		{D033D3E7-CDCC-4376-B5B5-39B90D457AEE}.Release|iPhone.ActiveCfg = Release|iPhone
		{D033D3E7-CDCC-4376-B5B5-39B90D457AEE}.Release|iPhone.Build.0 = Release|iPhone
		{D033D3E7-CDCC-4376-B5B5-39B90D457AEE}.Release|iPhoneSimulator.ActiveCfg = Release|iPhoneSimulator
		{D033D3E7-CDCC-4376-B5B5-39B90D457AEE}.Release|iPhoneSimulator.Build.0 = Release|iPhoneSimulator
		{D033D3E7-CDCC-4376-B5B5-39B90D457AEE}.Release|x64.ActiveCfg = Release|iPhone
		{D033D3E7-CDCC-4376-B5B5-39B90D457AEE}.Release|x86.ActiveCfg = Release|iPhone
		{364C7786-348C-4DDE-BD63-718971433CB5}.Ad-Hoc|Any CPU.ActiveCfg = Release|x86
		{364C7786-348C-4DDE-BD63-718971433CB5}.Ad-Hoc|Any CPU.Build.0 = Release|x86
		{364C7786-348C-4DDE-BD63-718971433CB5}.Ad-Hoc|Any CPU.Deploy.0 = Release|x86
		{364C7786-348C-4DDE-BD63-718971433CB5}.Ad-Hoc|ARM.ActiveCfg = Release|ARM
		{364C7786-348C-4DDE-BD63-718971433CB5}.Ad-Hoc|ARM.Build.0 = Release|ARM
		{364C7786-348C-4DDE-BD63-718971433CB5}.Ad-Hoc|ARM.Deploy.0 = Release|ARM
		{364C7786-348C-4DDE-BD63-718971433CB5}.Ad-Hoc|iPhone.ActiveCfg = Release|x86
		{364C7786-348C-4DDE-BD63-718971433CB5}.Ad-Hoc|iPhone.Build.0 = Release|x86
		{364C7786-348C-4DDE-BD63-718971433CB5}.Ad-Hoc|iPhone.Deploy.0 = Release|x86
		{364C7786-348C-4DDE-BD63-718971433CB5}.Ad-Hoc|iPhoneSimulator.ActiveCfg = Release|x86
		{364C7786-348C-4DDE-BD63-718971433CB5}.Ad-Hoc|iPhoneSimulator.Build.0 = Release|x86
		{364C7786-348C-4DDE-BD63-718971433CB5}.Ad-Hoc|iPhoneSimulator.Deploy.0 = Release|x86
		{364C7786-348C-4DDE-BD63-718971433CB5}.Ad-Hoc|x64.ActiveCfg = Release|x64
		{364C7786-348C-4DDE-BD63-718971433CB5}.Ad-Hoc|x64.Build.0 = Release|x64
		{364C7786-348C-4DDE-BD63-718971433CB5}.Ad-Hoc|x64.Deploy.0 = Release|x64
		{364C7786-348C-4DDE-BD63-718971433CB5}.Ad-Hoc|x86.ActiveCfg = Release|x86
		{364C7786-348C-4DDE-BD63-718971433CB5}.Ad-Hoc|x86.Build.0 = Release|x86
		{364C7786-348C-4DDE-BD63-718971433CB5}.Ad-Hoc|x86.Deploy.0 = Release|x86
		{364C7786-348C-4DDE-BD63-718971433CB5}.AppStore|Any CPU.ActiveCfg = Release|x86
		{364C7786-348C-4DDE-BD63-718971433CB5}.AppStore|Any CPU.Build.0 = Release|x86
		{364C7786-348C-4DDE-BD63-718971433CB5}.AppStore|Any CPU.Deploy.0 = Release|x86
		{364C7786-348C-4DDE-BD63-718971433CB5}.AppStore|ARM.ActiveCfg = Release|ARM
		{364C7786-348C-4DDE-BD63-718971433CB5}.AppStore|ARM.Build.0 = Release|ARM
		{364C7786-348C-4DDE-BD63-718971433CB5}.AppStore|ARM.Deploy.0 = Release|ARM
		{364C7786-348C-4DDE-BD63-718971433CB5}.AppStore|iPhone.ActiveCfg = Release|x86
		{364C7786-348C-4DDE-BD63-718971433CB5}.AppStore|iPhone.Build.0 = Release|x86
		{364C7786-348C-4DDE-BD63-718971433CB5}.AppStore|iPhone.Deploy.0 = Release|x86
		{364C7786-348C-4DDE-BD63-718971433CB5}.AppStore|iPhoneSimulator.ActiveCfg = Release|x86
		{364C7786-348C-4DDE-BD63-718971433CB5}.AppStore|iPhoneSimulator.Build.0 = Release|x86
		{364C7786-348C-4DDE-BD63-718971433CB5}.AppStore|iPhoneSimulator.Deploy.0 = Release|x86
		{364C7786-348C-4DDE-BD63-718971433CB5}.AppStore|x64.ActiveCfg = Release|x64
		{364C7786-348C-4DDE-BD63-718971433CB5}.AppStore|x64.Build.0 = Release|x64
		{364C7786-348C-4DDE-BD63-718971433CB5}.AppStore|x64.Deploy.0 = Release|x64
		{364C7786-348C-4DDE-BD63-718971433CB5}.AppStore|x86.ActiveCfg = Release|x86
		{364C7786-348C-4DDE-BD63-718971433CB5}.AppStore|x86.Build.0 = Release|x86
		{364C7786-348C-4DDE-BD63-718971433CB5}.AppStore|x86.Deploy.0 = Release|x86
		{364C7786-348C-4DDE-BD63-718971433CB5}.Debug|Any CPU.ActiveCfg = Debug|x86
		{364C7786-348C-4DDE-BD63-718971433CB5}.Debug|ARM.ActiveCfg = Debug|ARM
		{364C7786-348C-4DDE-BD63-718971433CB5}.Debug|ARM.Build.0 = Debug|ARM
		{364C7786-348C-4DDE-BD63-718971433CB5}.Debug|ARM.Deploy.0 = Debug|ARM
		{364C7786-348C-4DDE-BD63-718971433CB5}.Debug|iPhone.ActiveCfg = Debug|x86
		{364C7786-348C-4DDE-BD63-718971433CB5}.Debug|iPhoneSimulator.ActiveCfg = Debug|x86
		{364C7786-348C-4DDE-BD63-718971433CB5}.Debug|x64.ActiveCfg = Debug|x64
		{364C7786-348C-4DDE-BD63-718971433CB5}.Debug|x64.Build.0 = Debug|x64
		{364C7786-348C-4DDE-BD63-718971433CB5}.Debug|x64.Deploy.0 = Debug|x64
		{364C7786-348C-4DDE-BD63-718971433CB5}.Debug|x86.ActiveCfg = Debug|x86
		{364C7786-348C-4DDE-BD63-718971433CB5}.Debug|x86.Build.0 = Debug|x86
		{364C7786-348C-4DDE-BD63-718971433CB5}.Debug|x86.Deploy.0 = Debug|x86
		{364C7786-348C-4DDE-BD63-718971433CB5}.Release|Any CPU.ActiveCfg = Release|x86
		{364C7786-348C-4DDE-BD63-718971433CB5}.Release|ARM.ActiveCfg = Release|ARM
		{364C7786-348C-4DDE-BD63-718971433CB5}.Release|ARM.Build.0 = Release|ARM
		{364C7786-348C-4DDE-BD63-718971433CB5}.Release|ARM.Deploy.0 = Release|ARM
		{364C7786-348C-4DDE-BD63-718971433CB5}.Release|iPhone.ActiveCfg = Release|x86
		{364C7786-348C-4DDE-BD63-718971433CB5}.Release|iPhoneSimulator.ActiveCfg = Release|x86
		{364C7786-348C-4DDE-BD63-718971433CB5}.Release|x64.ActiveCfg = Release|x64
		{364C7786-348C-4DDE-BD63-718971433CB5}.Release|x64.Build.0 = Release|x64
		{364C7786-348C-4DDE-BD63-718971433CB5}.Release|x64.Deploy.0 = Release|x64
		{364C7786-348C-4DDE-BD63-718971433CB5}.Release|x86.ActiveCfg = Release|x86
		{364C7786-348C-4DDE-BD63-718971433CB5}.Release|x86.Build.0 = Release|x86
		{364C7786-348C-4DDE-BD63-718971433CB5}.Release|x86.Deploy.0 = Release|x86
	EndGlobalSection
	GlobalSection(SolutionProperties) = preSolution
		HideSolutionNode = FALSE
	EndGlobalSection
EndGlobal
